
Microsoft Visual Studio Solution File, Format Version 12.00
# Visual Studio Version 17
VisualStudioVersion = 17.13.35931.197
MinimumVisualStudioVersion = 10.0.40219.1
Project("{FAE04EC0-301F-11D3-BF4B-00C04F79EFBC}") = "Porto", "Porto.csproj", "{224F07FA-F7AB-4F26-929E-68D7F2DD14B3}"
EndProject
Project("{FAE04EC0-301F-11D3-BF4B-00C04F79EFBC}") = "Porto.App", "..\Porto.App\Porto.App.csproj", "{D3CD3A25-D771-4947-B21F-33C28E9A5FB8}"
EndProject
Project("{FAE04EC0-301F-11D3-BF4B-00C04F79EFBC}") = "Porto.Common", "..\Porto.Common\Porto.Common.csproj", "{5DF05EBD-368A-46FC-BAC4-DE9468F72618}"
EndProject
Project("{FAE04EC0-301F-11D3-BF4B-00C04F79EFBC}") = "Porto.Data", "..\Porto.Data\Porto.Data.csproj", "{FEB664DC-A889-43D8-A60D-5DE91B3CFCA9}"
EndProject
Global
	GlobalSection(SolutionConfigurationPlatforms) = preSolution
		Debug|Any CPU = Debug|Any CPU
		Release|Any CPU = Release|Any CPU
	EndGlobalSection
	GlobalSection(ProjectConfigurationPlatforms) = postSolution
		{224F07FA-F7AB-4F26-929E-68D7F2DD14B3}.Debug|Any CPU.ActiveCfg = Debug|Any CPU
		{224F07FA-F7AB-4F26-929E-68D7F2DD14B3}.Debug|Any CPU.Build.0 = Debug|Any CPU
		{224F07FA-F7AB-4F26-929E-68D7F2DD14B3}.Release|Any CPU.ActiveCfg = Release|Any CPU
		{224F07FA-F7AB-4F26-929E-68D7F2DD14B3}.Release|Any CPU.Build.0 = Release|Any CPU
		{D3CD3A25-D771-4947-B21F-33C28E9A5FB8}.Debug|Any CPU.ActiveCfg = Debug|Any CPU
		{D3CD3A25-D771-4947-B21F-33C28E9A5FB8}.Debug|Any CPU.Build.0 = Debug|Any CPU
		{D3CD3A25-D771-4947-B21F-33C28E9A5FB8}.Release|Any CPU.ActiveCfg = Release|Any CPU
		{D3CD3A25-D771-4947-B21F-33C28E9A5FB8}.Release|Any CPU.Build.0 = Release|Any CPU
		{5DF05EBD-368A-46FC-BAC4-DE9468F72618}.Debug|Any CPU.ActiveCfg = Debug|Any CPU
		{5DF05EBD-368A-46FC-BAC4-DE9468F72618}.Debug|Any CPU.Build.0 = Debug|Any CPU
		{5DF05EBD-368A-46FC-BAC4-DE9468F72618}.Release|Any CPU.ActiveCfg = Release|Any CPU
		{5DF05EBD-368A-46FC-BAC4-DE9468F72618}.Release|Any CPU.Build.0 = Release|Any CPU
		{FEB664DC-A889-43D8-A60D-5DE91B3CFCA9}.Debug|Any CPU.ActiveCfg = Debug|Any CPU
		{FEB664DC-A889-43D8-A60D-5DE91B3CFCA9}.Debug|Any CPU.Build.0 = Debug|Any CPU
		{FEB664DC-A889-43D8-A60D-5DE91B3CFCA9}.Release|Any CPU.ActiveCfg = Release|Any CPU
		{FEB664DC-A889-43D8-A60D-5DE91B3CFCA9}.Release|Any CPU.Build.0 = Release|Any CPU
	EndGlobalSection
	GlobalSection(SolutionProperties) = preSolution
		HideSolutionNode = FALSE
	EndGlobalSection
	GlobalSection(ExtensibilityGlobals) = postSolution
		SolutionGuid = {F770E457-A2B6-48A4-B96E-70D3C3A094DF}
	EndGlobalSection
EndGlobal
